{
  "version": 4,
  "terraform_version": "1.4.6",
  "serial": 3,
  "lineage": "7a714d64-e956-401e-4fe9-308bd3fce22b",
  "outputs": {},
  "resources": [
    {
      "mode": "data",
      "type": "digitalocean_ssh_key",
      "name": "terraform",
      "provider": "provider[\"registry.terraform.io/digitalocean/digitalocean\"]",
      "instances": [
        {
          "schema_version": 0,
          "attributes": {
            "fingerprint": "b1:ff:0e:b9:3f:cd:dd:d3:9e:60:d8:90:ce:f6:f8:5f",
            "id": "38750319",
            "name": "thinkpad",
            "public_key": "ssh-rsa AAAAB3NzaC1yc2EAAAADAQABAAABgQCJLB8HVwlLfcWRP2ktr32504NXWbx8dSxqNeTOS6E22Y5bkhRdeiIHFQ4AVBB8ovBO8oUBN/cFIAQdkbpCQ04cen5TWAKPT16Xy5BDbI+yIxQmekdCxHyU9eZIzBZgw1c5utJeXKGruZudaMeVrJCOxfmOhhyDfVmo4xifS7xcg02B3ccbOD9gTG4B+c8oxt5N9wBvFWHv5L3edLR9yXinmOK2Vtqnv28QEY4/EvUhA3Ec5lK3AAjNBevDLml/fIML50w6U6+iyRV9TwjrXHR+oD85rNLg+O8sTvdgyrMQ/Zo+HrYMXIZQtgL7gm21fXdtpBz4OTU2TKO9xOHZMjAyolzFj1zlB3f439f6nv1MbTTWWjar1T4o9ndjUG4aeCIOadgfWjjUxCvxcXL/kPDhNzLqZL5l6FS59cCRTaDc0P7wD913UzqHaNYC56x1BI0eRl2q8mOYgqoLTV1vAV3jemVK8qv3Khy4LTNo96kQBDYHSXFWygf8WZ0qnEcL1vk= flxw@felix-thinkpad"
          },
          "sensitive_attributes": []
        }
      ]
    },
    {
      "mode": "managed",
      "type": "digitalocean_droplet",
      "name": "www-1",
      "provider": "provider[\"registry.terraform.io/digitalocean/digitalocean\"]",
      "instances": [
        {
          "status": "tainted",
          "schema_version": 1,
          "attributes": {
            "backups": false,
            "created_at": "2023-07-05T15:00:29Z",
            "disk": 25,
            "id": "363725619",
            "image": "ubuntu-18-04-x64",
            "ipv4_address": "164.90.190.114",
            "ipv4_address_private": "10.114.0.2",
            "ipv6": false,
            "ipv6_address": "",
            "ipv6_address_private": null,
            "locked": false,
            "memory": 1024,
            "monitoring": false,
            "name": "www-1",
            "price_hourly": 0.00893,
            "price_monthly": 6,
            "private_networking": true,
            "region": "fra1",
            "resize_disk": true,
            "size": "s-1vcpu-1gb",
            "ssh_keys": [
              "38750319"
            ],
            "status": "active",
            "tags": null,
            "urn": "do:droplet:363725619",
            "user_data": null,
            "vcpus": 1,
            "volume_ids": [],
            "vpc_uuid": "d601f81b-6888-442a-9df9-70706fa32b83"
          },
          "sensitive_attributes": [],
          "private": "eyJzY2hlbWFfdmVyc2lvbiI6IjEifQ==",
          "dependencies": [
            "data.digitalocean_ssh_key.terraform"
          ]
        }
      ]
    }
  ],
  "check_results": null
}
